// !$*UTF8*$!
{
	archiveVersion = 1;
	classes = {
	};
	objectVersion = 50;
	objects = {

/* Begin PBXBuildFile section */
		F4B3FD9321AFAB810072AF5F /* AppDelegate.swift in Sources */ = {isa = PBXBuildFile; fileRef = F4B3FD9221AFAB810072AF5F /* AppDelegate.swift */; };
		F4B3FD9521AFAB820072AF5F /* ViewController.swift in Sources */ = {isa = PBXBuildFile; fileRef = F4B3FD9421AFAB820072AF5F /* ViewController.swift */; };
		F4B3FD9821AFAB830072AF5F /* Main.storyboard in Resources */ = {isa = PBXBuildFile; fileRef = F4B3FD9621AFAB830072AF5F /* Main.storyboard */; };
		F4B3FD9A21AFABCC0072AF5F /* Assets.xcassets in Resources */ = {isa = PBXBuildFile; fileRef = F4B3FD9921AFABCC0072AF5F /* Assets.xcassets */; };
		F4B3FD9D21AFABCC0072AF5F /* LaunchScreen.storyboard in Resources */ = {isa = PBXBuildFile; fileRef = F4B3FD9B21AFABCC0072AF5F /* LaunchScreen.storyboard */; };
		F4B3FDA621AFB35D0072AF5F /* CoreLocation.framework in Frameworks */ = {isa = PBXBuildFile; fileRef = F4B3FDA521AFB35D0072AF5F /* CoreLocation.framework */; };
/* End PBXBuildFile section */

/* Begin PBXFileReference section */
		F4B3FD8F21AFAB7F0072AF5F /* WhereIam_Swift.app */ = {isa = PBXFileReference; explicitFileType = wrapper.application; includeInIndex = 0; path = WhereIam_Swift.app; sourceTree = BUILT_PRODUCTS_DIR; };
		F4B3FD9221AFAB810072AF5F /* AppDelegate.swift */ = {isa = PBXFileReference; lastKnownFileType = sourcecode.swift; path = AppDelegate.swift; sourceTree = "<group>"; };
		F4B3FD9421AFAB820072AF5F /* ViewController.swift */ = {isa = PBXFileReference; lastKnownFileType = sourcecode.swift; path = ViewController.swift; sourceTree = "<group>"; };
		F4B3FD9721AFAB830072AF5F /* Base */ = {isa = PBXFileReference; lastKnownFileType = file.storyboard; name = Base; path = Base.lproj/Main.storyboard; sourceTree = "<group>"; };
		F4B3FD9921AFABCC0072AF5F /* Assets.xcassets */ = {isa = PBXFileReference; lastKnownFileType = folder.assetcatalog; path = Assets.xcassets; sourceTree = "<group>"; };
		F4B3FD9C21AFABCC0072AF5F /* Base */ = {isa = PBXFileReference; lastKnownFileType = file.storyboard; name = Base; path = Base.lproj/LaunchScreen.storyboard; sourceTree = "<group>"; };
		F4B3FD9E21AFABCD0072AF5F /* Info.plist */ = {isa = PBXFileReference; lastKnownFileType = text.plist.xml; path = Info.plist; sourceTree = "<group>"; };
		F4B3FDA521AFB35D0072AF5F /* CoreLocation.framework */ = {isa = PBXFileReference; lastKnownFileType = wrapper.framework; name = CoreLocation.framework; path = System/Library/Frameworks/CoreLocation.framework; sourceTree = SDKROOT; };
/* End PBXFileReference section */

/* Begin PBXFrameworksBuildPhase section */
		F4B3FD8C21AFAB7D0072AF5F /* Frameworks */ = {
			isa = PBXFrameworksBuildPhase;
			buildActionMask = 2147483647;
			files = (
				F4B3FDA621AFB35D0072AF5F /* CoreLocation.framework in Frameworks */,
			);
			runOnlyForDeploymentPostprocessing = 0;
		};
/* End PBXFrameworksBuildPhase section */

/* Begin PBXGroup section */
		F4B3FD8621AFAB7A0072AF5F = {
			isa = PBXGroup;
			children = (
				F4B3FD9121AFAB810072AF5F /* WhereIam_Swift */,
				F4B3FD9021AFAB7F0072AF5F /* Products */,
				F4B3FDA421AFB35D0072AF5F /* Frameworks */,
			);
			sourceTree = "<group>";
		};
		F4B3FD9021AFAB7F0072AF5F /* Products */ = {
			isa = PBXGroup;
			children = (
				F4B3FD8F21AFAB7F0072AF5F /* WhereIam_Swift.app */,
			);
			name = Products;
			sourceTree = "<group>";
		};
		F4B3FD9121AFAB810072AF5F /* WhereIam_Swift */ = {
			isa = PBXGroup;
			children = (
				F4B3FD9221AFAB810072AF5F /* AppDelegate.swift */,
				F4B3FD9421AFAB820072AF5F /* ViewController.swift */,
				F4B3FD9621AFAB830072AF5F /* Main.storyboard */,
				F4B3FD9921AFABCC0072AF5F /* Assets.xcassets */,
				F4B3FD9B21AFABCC0072AF5F /* LaunchScreen.storyboard */,
				F4B3FD9E21AFABCD0072AF5F /* Info.plist */,
			);
			path = WhereIam_Swift;
			sourceTree = "<group>";
		};
		F4B3FDA421AFB35D0072AF5F /* Frameworks */ = {
			isa = PBXGroup;
			children = (
				F4B3FDA521AFB35D0072AF5F /* CoreLocation.framework */,
			);
			name = Frameworks;
			sourceTree = "<group>";
		};
/* End PBXGroup section */

/* Begin PBXNativeTarget section */
		F4B3FD8E21AFAB7D0072AF5F /* WhereIam_Swift */ = {
			isa = PBXNativeTarget;
			buildConfigurationList = F4B3FDA121AFABCD0072AF5F /* Build configuration list for PBXNativeTarget "WhereIam_Swift" */;
			buildPhases = (
				F4B3FD8B21AFAB7D0072AF5F /* Sources */,
				F4B3FD8C21AFAB7D0072AF5F /* Frameworks */,
				F4B3FD8D21AFAB7D0072AF5F /* Resources */,
			);
			buildRules = (
			);
			dependencies = (
			);
			name = WhereIam_Swift;
			productName = WhereIam_Swift;
			productReference = F4B3FD8F21AFAB7F0072AF5F /* WhereIam_Swift.app */;
			productType = "com.apple.product-type.application";
		};
/* End PBXNativeTarget section */

/* Begin PBXProject section */
		F4B3FD8721AFAB7B0072AF5F /* Project object */ = {
			isa = PBXProject;
			attributes = {
				LastSwiftUpdateCheck = 0940;
				LastUpgradeCheck = 0940;
				ORGANIZATIONNAME = "Student 06";
				TargetAttributes = {
					F4B3FD8E21AFAB7D0072AF5F = {
						CreatedOnToolsVersion = 9.4.1;
					};
				};
			};
			buildConfigurationList = F4B3FD8A21AFAB7C0072AF5F /* Build configuration list for PBXProject "WhereIam_Swift" */;
			compatibilityVersion = "Xcode 9.3";
			developmentRegion = en;
			hasScannedForEncodings = 0;
			knownRegions = (
				en,
				Base,
			);
			mainGroup = F4B3FD8621AFAB7A0072AF5F;
			productRefGroup = F4B3FD9021AFAB7F0072AF5F /* Products */;
			projectDirPath = "";
			projectRoot = "";
			targets = (
				F4B3FD8E21AFAB7D0072AF5F /* WhereIam_Swift */,
			);
		};
/* End PBXProject section */

/* Begin PBXResourcesBuildPhase section */
		F4B3FD8D21AFAB7D0072AF5F /* Resources */ = {
			isa = PBXResourcesBuildPhase;
			buildActionMask = 2147483647;
			files = (
				F4B3FD9D21AFABCC0072AF5F /* LaunchScreen.storyboard in Resources */,
				F4B3FD9A21AFABCC0072AF5F /* Assets.xcassets in Resources */,
				F4B3FD9821AFAB830072AF5F /* Main.storyboard in Resources */,
			);
			runOnlyForDeploymentPostprocessing = 0;
		};
/* End PBXResourcesBuildPhase section */

/* Begin PBXSourcesBuildPhase section */
		F4B3FD8B21AFAB7D0072AF5F /* Sources */ = {
			isa = PBXSourcesBuildPhase;
			buildActionMask = 2147483647;
			files = (
				F4B3FD9521AFAB820072AF5F /* ViewController.swift in Sources */,
				F4B3FD9321AFAB810072AF5F /* AppDelegate.swift in Sources */,
			);
			runOnlyForDeploymentPostprocessing = 0;
		};
/* End PBXSourcesBuildPhase section */

/* Begin PBXVariantGroup section */
		F4B3FD9621AFAB830072AF5F /* Main.storyboard */ = {
			isa = PBXVariantGroup;
			children = (
				F4B3FD9721AFAB830072AF5F /* Base */,
			);
			name = Main.storyboard;
			sourceTree = "<group>";
		};
		F4B3FD9B21AFABCC0072AF5F /* LaunchScreen.storyboard */ = {
			isa = PBXVariantGroup;
			children = (
				F4B3FD9C21AFABCC0072AF5F /* Base */,
			);
			name = LaunchScreen.storyboard;
			sourceTree = "<group>";
		};
/* End PBXVariantGroup section */

/* Begin XCBuildConfiguration section */
		F4B3FD9F21AFABCD0072AF5F /* Debug */ = {
			isa = XCBuildConfiguration;
			buildSettings = {
				ALWAYS_SEARCH_USER_PATHS = NO;
				CLANG_ANALYZER_NONNULL = YES;
				CLANG_ANALYZER_NUMBER_OBJECT_CONVERSION = YES_AGGRESSIVE;
				CLANG_CXX_LANGUAGE_STANDARD = "gnu++14";
				CLANG_CXX_LIBRARY = "libc++";
				CLANG_ENABLE_MODULES = YES;
				CLANG_ENABLE_OBJC_ARC = YES;
				CLANG_ENABLE_OBJC_WEAK = YES;
				CLANG_WARN_BLOCK_CAPTURE_AUTORELEASING = YES;
				CLANG_WARN_BOOL_CONVERSION = YES;
				CLANG_WARN_COMMA = YES;
				CLANG_WARN_CONSTANT_CONVERSION = YES;
				CLANG_WARN_DEPRECATED_OBJC_IMPLEMENTATIONS = YES;
				CLANG_WARN_DIRECT_OBJC_ISA_USAGE = YES_ERROR;
				CLANG_WARN_DOCUMENTATION_COMMENTS = YES;
				CLANG_WARN_EMPTY_BODY = YES;
				CLANG_WARN_ENUM_CONVERSION = YES;
				CLANG_WARN_INFINITE_RECURSION = YES;
				CLANG_WARN_INT_CONVERSION = YES;
				CLANG_WARN_NON_LITERAL_NULL_CONVERSION = YES;
				CLANG_WARN_OBJC_IMPLICIT_RETAIN_SELF = YES;
				CLANG_WARN_OBJC_LITERAL_CONVERSION = YES;
				CLANG_WARN_OBJC_ROOT_CLASS = YES_ERROR;
				CLANG_WARN_RANGE_LOOP_ANALYSIS = YES;
				CLANG_WARN_STRICT_PROTOTYPES = YES;
				CLANG_WARN_SUSPICIOUS_MOVE = YES;
				CLANG_WARN_UNGUARDED_AVAILABILITY = YES_AGGRESSIVE;
				CLANG_WARN_UNREACHABLE_CODE = YES;
				CLANG_WARN__DUPLICATE_METHOD_MATCH = YES;
				CODE_SIGN_IDENTITY = "iPhone Developer";
				COPY_PHASE_STRIP = NO;
				DEBUG_INFORMATION_FORMAT = dwarf;
				ENABLE_STRICT_OBJC_MSGSEND = YES;
				ENABLE_TESTABILITY = YES;
				GCC_C_LANGUAGE_STANDARD = gnu11;
				GCC_DYNAMIC_NO_PIC = NO;
				GCC_NO_COMMON_BLOCKS = YES;
				GCC_OPTIMIZATION_LEVEL = 0;
				GCC_PREPROCESSOR_DEFINITIONS = (
					"DEBUG=1",
					"$(inherited)",
				);
				GCC_WARN_64_TO_32_BIT_CONVERSION = YES;
				GCC_WARN_ABOUT_RETURN_TYPE = YES_ERROR;
				GCC_WARN_UNDECLARED_SELECTOR = YES;
				GCC_WARN_UNINITIALIZED_AUTOS = YES_AGGRESSIVE;
				GCC_WARN_UNUSED_FUNCTION = YES;
				GCC_WARN_UNUSED_VARIABLE = YES;
				IPHONEOS_DEPLOYMENT_TARGET = 11.4;
				MTL_ENABLE_DEBUG_INFO = YES;
				ONLY_ACTIVE_ARCH = YES;
				SDKROOT = iphoneos;
				SWIFT_ACTIVE_COMPILATION_CONDITIONS = DEBUG;
				SWIFT_OPTIMIZATION_LEVEL = "-Onone";
			};
			name = Debug;
		};
		F4B3FDA021AFABCD0072AF5F /* Release */ = {
			isa = XCBuildConfiguration;
			buildSettings = {
				ALWAYS_SEARCH_USER_PATHS = NO;
				CLANG_ANALYZER_NONNULL = YES;
				CLANG_ANALYZER_NUMBER_OBJECT_CONVERSION = YES_AGGRESSIVE;
				CLANG_CXX_LANGUAGE_STANDARD = "gnu++14";
				CLANG_CXX_LIBRARY = "libc++";
				CLANG_ENABLE_MODULES = YES;
				CLANG_ENABLE_OBJC_ARC = YES;
				CLANG_ENABLE_OBJC_WEAK = YES;
				CLANG_WARN_BLOCK_CAPTURE_AUTORELEASING = YES;
				CLANG_WARN_BOOL_CONVERSION = YES;
				CLANG_WARN_COMMA = YES;
				CLANG_WARN_CONSTANT_CONVERSION = YES;
				CLANG_WARN_DEPRECATED_OBJC_IMPLEMENTATIONS = YES;
				CLANG_WARN_DIRECT_OBJC_ISA_USAGE = YES_ERROR;
				CLANG_WARN_DOCUMENTATION_COMMENTS = YES;
				CLANG_WARN_EMPTY_BODY = YES;
				CLANG_WARN_ENUM_CONVERSION = YES;
				CLANG_WARN_INFINITE_RECURSION = YES;
				CLANG_WARN_INT_CONVERSION = YES;
				CLANG_WARN_NON_LITERAL_NULL_CONVERSION = YES;
				CLANG_WARN_OBJC_IMPLICIT_RETAIN_SELF = YES;
				CLANG_WARN_OBJC_LITERAL_CONVERSION = YES;
				CLANG_WARN_OBJC_ROOT_CLASS = YES_ERROR;
				CLANG_WARN_RANGE_LOOP_ANALYSIS = YES;
				CLANG_WARN_STRICT_PROTOTYPES = YES;
				CLANG_WARN_SUSPICIOUS_MOVE = YES;
				CLANG_WARN_UNGUARDED_AVAILABILITY = YES_AGGRESSIVE;
				CLANG_WARN_UNREACHABLE_CODE = YES;
				CLANG_WARN__DUPLICATE_METHOD_MATCH = YES;
				CODE_SIGN_IDENTITY = "iPhone Developer";
				COPY_PHASE_STRIP = NO;
				DEBUG_INFORMATION_FORMAT = "dwarf-with-dsym";
				ENABLE_NS_ASSERTIONS = NO;
				ENABLE_STRICT_OBJC_MSGSEND = YES;
				GCC_C_LANGUAGE_STANDARD = gnu11;
				GCC_NO_COMMON_BLOCKS = YES;
				GCC_WARN_64_TO_32_BIT_CONVERSION = YES;
				GCC_WARN_ABOUT_RETURN_TYPE = YES_ERROR;
				GCC_WARN_UNDECLARED_SELECTOR = YES;
				GCC_WARN_UNINITIALIZED_AUTOS = YES_AGGRESSIVE;
				GCC_WARN_UNUSED_FUNCTION = YES;
				GCC_WARN_UNUSED_VARIABLE = YES;
				IPHONEOS_DEPLOYMENT_TARGET = 11.4;
				MTL_ENABLE_DEBUG_INFO = NO;
				SDKROOT = iphoneos;
				SWIFT_COMPILATION_MODE = wholemodule;
				SWIFT_OPTIMIZATION_LEVEL = "-O";
				VALIDATE_PRODUCT = YES;
			};
			name = Release;
		};
		F4B3FDA221AFABCD0072AF5F /* Debug */ = {
			isa = XCBuildConfiguration;
			buildSettings = {
				ASSETCATALOG_COMPILER_APPICON_NAME = AppIcon;
				CODE_SIGN_STYLE = Automatic;
				INFOPLIST_FILE = WhereIam_Swift/Info.plist;
				LD_RUNPATH_SEARCH_PATHS = (
					"$(inherited)",
					"@executable_path/Frameworks",
				);
				PRODUCT_BUNDLE_IDENTIFIER = "Felix.WhereIam-Swift";
				PRODUCT_NAME = "$(TARGET_NAME)";
				SWIFT_VERSION = 4.0;
				TARGETED_DEVICE_FAMILY = "1,2";
			};
			name = Debug;
		};
		F4B3FDA321AFABCD0072AF5F /* Release */ = {
			isa = XCBuildConfiguration;
			buildSettings = {
				ASSETCATALOG_COMPILER_APPICON_NAME = AppIcon;
				CODE_SIGN_STYLE = Automatic;
				INFOPLIST_FILE = WhereIam_Swift/Info.plist;
				LD_RUNPATH_SEARCH_PATHS = (
					"$(inherited)",
					"@executable_path/Frameworks",
				);
				PRODUCT_BUNDLE_IDENTIFIER = "Felix.WhereIam-Swift";
				PRODUCT_NAME = "$(TARGET_NAME)";
				SWIFT_VERSION = 4.0;
				TARGETED_DEVICE_FAMILY = "1,2";
			};
			name = Release;
		};
/* End XCBuildConfiguration section */

/* Begin XCConfigurationList section */
		F4B3FD8A21AFAB7C0072AF5F /* Build configuration list for PBXProject "WhereIam_Swift" */ = {
			isa = XCConfigurationList;
			buildConfigurations = (
				F4B3FD9F21AFABCD0072AF5F /* Debug */,
				F4B3FDA021AFABCD0072AF5F /* Release */,
			);
			defaultConfigurationIsVisible = 0;
			defaultConfigurationName = Release;
		};
		F4B3FDA121AFABCD0072AF5F /* Build configuration list for PBXNativeTarget "WhereIam_Swift" */ = {
			isa = XCConfigurationList;
			buildConfigurations = (
				F4B3FDA221AFABCD0072AF5F /* Debug */,
				F4B3FDA321AFABCD0072AF5F /* Release */,
			);
			defaultConfigurationIsVisible = 0;
			defaultConfigurationName = Release;
		};
/* End XCConfigurationList section */
	};
	rootObject = F4B3FD8721AFAB7B0072AF5F /* Project object */;
}
